<?xml version="1.0" encoding="utf-8"?>
<Project ToolsVersion="4.0" xmlns="http://schemas.microsoft.com/developer/msbuild/2003">
  <ItemGroup>
    <ClCompile Include="helpers.cc">
      <Filter>common</Filter>
    </ClCompile>
    <ClCompile Include="Clock.cpp">
      <Filter>common</Filter>
    </ClCompile>
    <ClCompile Include="main.cpp" />
    <ClCompile Include="GLState.cpp">
      <Filter>GL</Filter>
    </ClCompile>
  </ItemGroup>
  <ItemGroup>
    <ClInclude Include="helpers.h">
      <Filter>common</Filter>
    </ClInclude>
    <ClInclude Include="InputHandler.h">
      <Filter>common</Filter>
    </ClInclude>
    <ClInclude Include="Viewer.h">
      <Filter>common</Filter>
    </ClInclude>
    <ClInclude Include="Shapes.h">
      <Filter>common</Filter>
    </ClInclude>
    <ClInclude Include="RayTracer.h" />
    <ClInclude Include="Clock.h">
      <Filter>common</Filter>
    </ClInclude>
    <ClInclude Include="Tessellation.h" />
    <ClInclude Include="Object.h">
      <Filter>common</Filter>
    </ClInclude>
    <ClInclude Include="MyFireworks.h" />
    <ClInclude Include="Light.h">
      <Filter>common</Filter>
    </ClInclude>
    <ClInclude Include="Blurrer.h">
      <Filter>common</Filter>
    </ClInclude>
    <ClInclude Include="Geometry.h">
      <Filter>common</Filter>
    </ClInclude>
    <ClInclude Include="Background.h">
      <Filter>common</Filter>
    </ClInclude>
    <ClInclude Include="Scene.h">
      <Filter>common</Filter>
    </ClInclude>
    <ClInclude Include="TerrainWalker.h">
      <Filter>common</Filter>
    </ClInclude>
    <ClInclude Include="VAO.h">
      <Filter>GL</Filter>
    </ClInclude>
    <ClInclude Include="Framebuffer.h">
      <Filter>GL</Filter>
    </ClInclude>
    <ClInclude Include="CubeMap.h">
      <Filter>GL</Filter>
    </ClInclude>
    <ClInclude Include="FeedbackLoop.h">
      <Filter>GL</Filter>
    </ClInclude>
    <ClInclude Include="Shader.h">
      <Filter>GL</Filter>
    </ClInclude>
    <ClInclude Include="Uniform.h">
      <Filter>GL</Filter>
    </ClInclude>
    <ClInclude Include="Texture.h">
      <Filter>GL</Filter>
    </ClInclude>
    <ClInclude Include="Viewport.h">
      <Filter>GL</Filter>
    </ClInclude>
    <ClInclude Include="Bezier.h">
      <Filter>784</Filter>
    </ClInclude>
    <ClInclude Include="BSpline.h">
      <Filter>784</Filter>
    </ClInclude>
    <ClInclude Include="ControlCurve.h">
      <Filter>784</Filter>
    </ClInclude>
    <ClInclude Include="Surface.h">
      <Filter>784</Filter>
    </ClInclude>
    <ClInclude Include="Surfaces.h">
      <Filter>784</Filter>
    </ClInclude>
    <ClInclude Include="lab3.h">
      <Filter>784</Filter>
    </ClInclude>
    <ClInclude Include="gui.h">
      <Filter>784</Filter>
    </ClInclude>
    <ClInclude Include="MyWindow.h">
      <Filter>GL</Filter>
    </ClInclude>
    <ClInclude Include="MyTerrain.h">
      <Filter>common</Filter>
    </ClInclude>
    <ClInclude Include="ITerrain.h">
      <Filter>common</Filter>
    </ClInclude>
    <ClInclude Include="Pickable.h">
      <Filter>common</Filter>
    </ClInclude>
    <ClInclude Include="TexturedSquare.h">
      <Filter>common</Filter>
    </ClInclude>
    <ClInclude Include="includes.h">
      <Filter>common</Filter>
    </ClInclude>
    <ClInclude Include="Grid2d.h">
      <Filter>common</Filter>
    </ClInclude>
    <ClInclude Include="Chase.h">
      <Filter>common</Filter>
    </ClInclude>
    <ClInclude Include="globals.h">
      <Filter>784</Filter>
    </ClInclude>
    <ClInclude Include="Smoother.h">
      <Filter>784</Filter>
    </ClInclude>
    <ClInclude Include="Bullet.h" />
    <ClInclude Include="BallManager.h">
      <Filter>common</Filter>
    </ClInclude>
    <ClInclude Include="Glass-Balls.h" />
    <ClInclude Include="Volume.h" />
    <ClInclude Include="Brain1.h">
      <Filter>unused</Filter>
    </ClInclude>
    <ClInclude Include="Brain2.h">
      <Filter>unused</Filter>
    </ClInclude>
    <ClInclude Include="Cubez.h">
      <Filter>unused</Filter>
    </ClInclude>
    <ClInclude Include="lens.h" />
    <ClInclude Include="Fireworks.h">
      <Filter>unused</Filter>
    </ClInclude>
    <ClInclude Include="Picking.h">
      <Filter>unused</Filter>
    </ClInclude>
    <ClInclude Include="Face.h">
      <Filter>Face</Filter>
    </ClInclude>
    <ClInclude Include="Perlin.h">
      <Filter>common</Filter>
    </ClInclude>
  </ItemGroup>
  <ItemGroup>
    <Filter Include="common">
      <UniqueIdentifier>{d66aa9d3-edb6-4daa-953a-752dbfbb13cd}</UniqueIdentifier>
    </Filter>
    <Filter Include="shaders">
      <UniqueIdentifier>{645ad2da-b4f3-45e6-8a28-7c3a7bce5352}</UniqueIdentifier>
    </Filter>
    <Filter Include="GL">
      <UniqueIdentifier>{fa1dfe15-cb23-45e2-9969-a70ef37bd838}</UniqueIdentifier>
    </Filter>
    <Filter Include="unused">
      <UniqueIdentifier>{1b4ed35f-cb26-4eea-b845-c0e87d9fe2ab}</UniqueIdentifier>
    </Filter>
    <Filter Include="784">
      <UniqueIdentifier>{2fa0a76e-abaf-47f6-8c91-d54982fa73ba}</UniqueIdentifier>
    </Filter>
    <Filter Include="Face">
      <UniqueIdentifier>{f7d93cb7-28a8-4500-87e7-9669d08b6879}</UniqueIdentifier>
    </Filter>
  </ItemGroup>
  <ItemGroup>
    <None Include="line.vert">
      <Filter>shaders</Filter>
    </None>
    <None Include="line.frag">
      <Filter>shaders</Filter>
    </None>
    <None Include="surface.vert">
      <Filter>shaders</Filter>
    </None>
    <None Include="surface.frag">
      <Filter>shaders</Filter>
    </None>
    <None Include="cubez.vert">
      <Filter>shaders</Filter>
    </None>
    <None Include="cubez.frag">
      <Filter>shaders</Filter>
    </None>
    <None Include="volume.frag">
      <Filter>shaders</Filter>
    </None>
    <None Include="rayTracer.vert">
      <Filter>shaders</Filter>
    </None>
    <None Include="rayTracer.frag">
      <Filter>shaders</Filter>
    </None>
    <None Include="fireworks_update.vert">
      <Filter>shaders</Filter>
    </None>
    <None Include="fireworks_update.geom">
      <Filter>shaders</Filter>
    </None>
    <None Include="fireworks.vert">
      <Filter>shaders</Filter>
    </None>
    <None Include="fireworks.geom">
      <Filter>shaders</Filter>
    </None>
    <None Include="fireworks.frag">
      <Filter>shaders</Filter>
    </None>
    <None Include="pick.vert">
      <Filter>shaders</Filter>
    </None>
    <None Include="pick.frag">
      <Filter>shaders</Filter>
    </None>
    <None Include="object.vert">
      <Filter>shaders</Filter>
    </None>
    <None Include="object.frag">
      <Filter>shaders</Filter>
    </None>
    <None Include="tess.vert">
      <Filter>shaders</Filter>
    </None>
    <None Include="tess.frag">
      <Filter>shaders</Filter>
    </None>
    <None Include="tess.tcs.glsl">
      <Filter>shaders</Filter>
    </None>
    <None Include="tess.tes.glsl">
      <Filter>shaders</Filter>
    </None>
    <None Include="tess.geom">
      <Filter>shaders</Filter>
    </None>
    <None Include="tess_smooth.tcs.glsl">
      <Filter>shaders</Filter>
    </None>
    <None Include="tess_smooth.tes.glsl">
      <Filter>shaders</Filter>
    </None>
    <None Include="tess_smooth.frag">
      <Filter>shaders</Filter>
    </None>
    <None Include="shadowTess.frag">
      <Filter>shaders</Filter>
    </None>
    <None Include="blur.vert">
      <Filter>shaders</Filter>
    </None>
    <None Include="blur.frag">
      <Filter>shaders</Filter>
    </None>
    <None Include="texturedSquare.vert">
      <Filter>shaders</Filter>
    </None>
    <None Include="texturedSquare.frag">
      <Filter>shaders</Filter>
    </None>
    <None Include="chase.vert">
      <Filter>shaders</Filter>
    </None>
    <None Include="chase.geom">
      <Filter>shaders</Filter>
    </None>
    <None Include="chase.frag">
      <Filter>shaders</Filter>
    </None>
    <None Include="chase_update.vert">
      <Filter>shaders</Filter>
    </None>
    <None Include="chase_update.geom">
      <Filter>shaders</Filter>
    </None>
    <None Include="shadow.vert">
      <Filter>shaders</Filter>
    </None>
    <None Include="shadow.frag">
      <Filter>shaders</Filter>
    </None>
    <None Include="cubeBackground.vert">
      <Filter>shaders</Filter>
    </None>
    <None Include="cubeBackground.frag">
      <Filter>shaders</Filter>
    </None>
    <None Include="background.frag">
      <Filter>shaders</Filter>
    </None>
    <None Include="glass-balls.frag">
      <Filter>shaders</Filter>
    </None>
    <None Include="volume.vert">
      <Filter>shaders</Filter>
    </None>
    <None Include="volume.vert">
      <Filter>shaders</Filter>
    </None>
    <None Include="brain1.frag">
      <Filter>unused</Filter>
    </None>
    <None Include="brain2.frag">
      <Filter>unused</Filter>
    </None>
    <None Include="lens.frag">
      <Filter>shaders</Filter>
    </None>
    <None Include="face.vert">
      <Filter>Face</Filter>
    </None>
    <None Include="face-irradiance.frag">
      <Filter>Face</Filter>
    </None>
    <None Include="face-irradiance.vert">
      <Filter>Face</Filter>
    </None>
    <None Include="face.frag">
      <Filter>Face</Filter>
    </None>
    <None Include="beckman.frag">
      <Filter>Face</Filter>
    </None>
    <None Include="face-blur.vert">
      <Filter>Face</Filter>
    </None>
    <None Include="face-blur.frag">
      <Filter>Face</Filter>
    </None>
    <None Include="face-stretch.vert">
      <Filter>Face</Filter>
    </None>
    <None Include="face-stretch.frag">
      <Filter>Face</Filter>
    </None>
  </ItemGroup>
</Project>